
Microsoft Visual Studio Solution File, Format Version 12.00
# Visual Studio Version 17
VisualStudioVersion = 17.3.32825.248
MinimumVisualStudioVersion = 10.0.40219.1
Project("{8BC9CEB8-8B4A-11D0-8D11-00A0C91BC942}") = "2022.09.12-Homework-1", "2022.09.12-Homework-1\2022.09.12-Homework-1.vcxproj", "{DE02575B-E9B1-4BAD-A572-76B19194B1E7}"
EndProject
Project("{8BC9CEB8-8B4A-11D0-8D11-00A0C91BC942}") = "Task1", "Task1\Task1.vcxproj", "{A2BEBB69-9824-45CC-BD6A-08F96464C0C3}"
EndProject
Project("{8BC9CEB8-8B4A-11D0-8D11-00A0C91BC942}") = "Task2", "Task2\Task2.vcxproj", "{88DD2B74-A2F3-46F8-AB66-D3ED9C9E7AD0}"
EndProject
Project("{8BC9CEB8-8B4A-11D0-8D11-00A0C91BC942}") = "Task3", "Task3\Task3.vcxproj", "{FA3C5AC1-C1D4-4E66-9982-CB13333F5F99}"
EndProject
Project("{8BC9CEB8-8B4A-11D0-8D11-00A0C91BC942}") = "Task4", "Task4\Task4.vcxproj", "{9D38C0EE-B40D-4706-80FE-0974DA540F70}"
EndProject
Project("{8BC9CEB8-8B4A-11D0-8D11-00A0C91BC942}") = "Task5", "Task5\Task5.vcxproj", "{67365968-8708-4913-BE73-B3AC2B5F476F}"
EndProject
Project("{8BC9CEB8-8B4A-11D0-8D11-00A0C91BC942}") = "Task6", "Task6\Task6.vcxproj", "{B44C784E-4B3E-48A4-816F-4B004B2B7BCA}"
EndProject
Project("{8BC9CEB8-8B4A-11D0-8D11-00A0C91BC942}") = "Task7", "Task7\Task7.vcxproj", "{845B56AD-F0A8-498C-81CC-7BAD3B2FCE64}"
EndProject
Project("{8BC9CEB8-8B4A-11D0-8D11-00A0C91BC942}") = "Task8", "Task8\Task8.vcxproj", "{339C6F4E-41D7-44FF-A303-2140731452B6}"
EndProject
Project("{8BC9CEB8-8B4A-11D0-8D11-00A0C91BC942}") = "Task9", "Task9\Task9.vcxproj", "{7DE844F7-825D-44DE-97CE-208DFACC614B}"
EndProject
Project("{8BC9CEB8-8B4A-11D0-8D11-00A0C91BC942}") = "Task10", "Task10\Task10.vcxproj", "{D882D2AE-5C2E-4D98-94A5-EC0486B828C2}"
EndProject
Global
	GlobalSection(SolutionConfigurationPlatforms) = preSolution
		Debug|x64 = Debug|x64
		Debug|x86 = Debug|x86
		Release|x64 = Release|x64
		Release|x86 = Release|x86
	EndGlobalSection
	GlobalSection(ProjectConfigurationPlatforms) = postSolution
		{DE02575B-E9B1-4BAD-A572-76B19194B1E7}.Debug|x64.ActiveCfg = Debug|x64
		{DE02575B-E9B1-4BAD-A572-76B19194B1E7}.Debug|x64.Build.0 = Debug|x64
		{DE02575B-E9B1-4BAD-A572-76B19194B1E7}.Debug|x86.ActiveCfg = Debug|Win32
		{DE02575B-E9B1-4BAD-A572-76B19194B1E7}.Debug|x86.Build.0 = Debug|Win32
		{DE02575B-E9B1-4BAD-A572-76B19194B1E7}.Release|x64.ActiveCfg = Release|x64
		{DE02575B-E9B1-4BAD-A572-76B19194B1E7}.Release|x64.Build.0 = Release|x64
		{DE02575B-E9B1-4BAD-A572-76B19194B1E7}.Release|x86.ActiveCfg = Release|Win32
		{DE02575B-E9B1-4BAD-A572-76B19194B1E7}.Release|x86.Build.0 = Release|Win32
		{A2BEBB69-9824-45CC-BD6A-08F96464C0C3}.Debug|x64.ActiveCfg = Debug|x64
		{A2BEBB69-9824-45CC-BD6A-08F96464C0C3}.Debug|x64.Build.0 = Debug|x64
		{A2BEBB69-9824-45CC-BD6A-08F96464C0C3}.Debug|x86.ActiveCfg = Debug|Win32
		{A2BEBB69-9824-45CC-BD6A-08F96464C0C3}.Debug|x86.Build.0 = Debug|Win32
		{A2BEBB69-9824-45CC-BD6A-08F96464C0C3}.Release|x64.ActiveCfg = Release|x64
		{A2BEBB69-9824-45CC-BD6A-08F96464C0C3}.Release|x64.Build.0 = Release|x64
		{A2BEBB69-9824-45CC-BD6A-08F96464C0C3}.Release|x86.ActiveCfg = Release|Win32
		{A2BEBB69-9824-45CC-BD6A-08F96464C0C3}.Release|x86.Build.0 = Release|Win32
		{88DD2B74-A2F3-46F8-AB66-D3ED9C9E7AD0}.Debug|x64.ActiveCfg = Debug|x64
		{88DD2B74-A2F3-46F8-AB66-D3ED9C9E7AD0}.Debug|x64.Build.0 = Debug|x64
		{88DD2B74-A2F3-46F8-AB66-D3ED9C9E7AD0}.Debug|x86.ActiveCfg = Debug|Win32
		{88DD2B74-A2F3-46F8-AB66-D3ED9C9E7AD0}.Debug|x86.Build.0 = Debug|Win32
		{88DD2B74-A2F3-46F8-AB66-D3ED9C9E7AD0}.Release|x64.ActiveCfg = Release|x64
		{88DD2B74-A2F3-46F8-AB66-D3ED9C9E7AD0}.Release|x64.Build.0 = Release|x64
		{88DD2B74-A2F3-46F8-AB66-D3ED9C9E7AD0}.Release|x86.ActiveCfg = Release|Win32
		{88DD2B74-A2F3-46F8-AB66-D3ED9C9E7AD0}.Release|x86.Build.0 = Release|Win32
		{FA3C5AC1-C1D4-4E66-9982-CB13333F5F99}.Debug|x64.ActiveCfg = Debug|x64
		{FA3C5AC1-C1D4-4E66-9982-CB13333F5F99}.Debug|x64.Build.0 = Debug|x64
		{FA3C5AC1-C1D4-4E66-9982-CB13333F5F99}.Debug|x86.ActiveCfg = Debug|Win32
		{FA3C5AC1-C1D4-4E66-9982-CB13333F5F99}.Debug|x86.Build.0 = Debug|Win32
		{FA3C5AC1-C1D4-4E66-9982-CB13333F5F99}.Release|x64.ActiveCfg = Release|x64
		{FA3C5AC1-C1D4-4E66-9982-CB13333F5F99}.Release|x64.Build.0 = Release|x64
		{FA3C5AC1-C1D4-4E66-9982-CB13333F5F99}.Release|x86.ActiveCfg = Release|Win32
		{FA3C5AC1-C1D4-4E66-9982-CB13333F5F99}.Release|x86.Build.0 = Release|Win32
		{9D38C0EE-B40D-4706-80FE-0974DA540F70}.Debug|x64.ActiveCfg = Debug|x64
		{9D38C0EE-B40D-4706-80FE-0974DA540F70}.Debug|x64.Build.0 = Debug|x64
		{9D38C0EE-B40D-4706-80FE-0974DA540F70}.Debug|x86.ActiveCfg = Debug|Win32
		{9D38C0EE-B40D-4706-80FE-0974DA540F70}.Debug|x86.Build.0 = Debug|Win32
		{9D38C0EE-B40D-4706-80FE-0974DA540F70}.Release|x64.ActiveCfg = Release|x64
		{9D38C0EE-B40D-4706-80FE-0974DA540F70}.Release|x64.Build.0 = Release|x64
		{9D38C0EE-B40D-4706-80FE-0974DA540F70}.Release|x86.ActiveCfg = Release|Win32
		{9D38C0EE-B40D-4706-80FE-0974DA540F70}.Release|x86.Build.0 = Release|Win32
		{67365968-8708-4913-BE73-B3AC2B5F476F}.Debug|x64.ActiveCfg = Debug|x64
		{67365968-8708-4913-BE73-B3AC2B5F476F}.Debug|x64.Build.0 = Debug|x64
		{67365968-8708-4913-BE73-B3AC2B5F476F}.Debug|x86.ActiveCfg = Debug|Win32
		{67365968-8708-4913-BE73-B3AC2B5F476F}.Debug|x86.Build.0 = Debug|Win32
		{67365968-8708-4913-BE73-B3AC2B5F476F}.Release|x64.ActiveCfg = Release|x64
		{67365968-8708-4913-BE73-B3AC2B5F476F}.Release|x64.Build.0 = Release|x64
		{67365968-8708-4913-BE73-B3AC2B5F476F}.Release|x86.ActiveCfg = Release|Win32
		{67365968-8708-4913-BE73-B3AC2B5F476F}.Release|x86.Build.0 = Release|Win32
		{B44C784E-4B3E-48A4-816F-4B004B2B7BCA}.Debug|x64.ActiveCfg = Debug|x64
		{B44C784E-4B3E-48A4-816F-4B004B2B7BCA}.Debug|x64.Build.0 = Debug|x64
		{B44C784E-4B3E-48A4-816F-4B004B2B7BCA}.Debug|x86.ActiveCfg = Debug|Win32
		{B44C784E-4B3E-48A4-816F-4B004B2B7BCA}.Debug|x86.Build.0 = Debug|Win32
		{B44C784E-4B3E-48A4-816F-4B004B2B7BCA}.Release|x64.ActiveCfg = Release|x64
		{B44C784E-4B3E-48A4-816F-4B004B2B7BCA}.Release|x64.Build.0 = Release|x64
		{B44C784E-4B3E-48A4-816F-4B004B2B7BCA}.Release|x86.ActiveCfg = Release|Win32
		{B44C784E-4B3E-48A4-816F-4B004B2B7BCA}.Release|x86.Build.0 = Release|Win32
		{845B56AD-F0A8-498C-81CC-7BAD3B2FCE64}.Debug|x64.ActiveCfg = Debug|x64
		{845B56AD-F0A8-498C-81CC-7BAD3B2FCE64}.Debug|x64.Build.0 = Debug|x64
		{845B56AD-F0A8-498C-81CC-7BAD3B2FCE64}.Debug|x86.ActiveCfg = Debug|Win32
		{845B56AD-F0A8-498C-81CC-7BAD3B2FCE64}.Debug|x86.Build.0 = Debug|Win32
		{845B56AD-F0A8-498C-81CC-7BAD3B2FCE64}.Release|x64.ActiveCfg = Release|x64
		{845B56AD-F0A8-498C-81CC-7BAD3B2FCE64}.Release|x64.Build.0 = Release|x64
		{845B56AD-F0A8-498C-81CC-7BAD3B2FCE64}.Release|x86.ActiveCfg = Release|Win32
		{845B56AD-F0A8-498C-81CC-7BAD3B2FCE64}.Release|x86.Build.0 = Release|Win32
		{339C6F4E-41D7-44FF-A303-2140731452B6}.Debug|x64.ActiveCfg = Debug|x64
		{339C6F4E-41D7-44FF-A303-2140731452B6}.Debug|x64.Build.0 = Debug|x64
		{339C6F4E-41D7-44FF-A303-2140731452B6}.Debug|x86.ActiveCfg = Debug|Win32
		{339C6F4E-41D7-44FF-A303-2140731452B6}.Debug|x86.Build.0 = Debug|Win32
		{339C6F4E-41D7-44FF-A303-2140731452B6}.Release|x64.ActiveCfg = Release|x64
		{339C6F4E-41D7-44FF-A303-2140731452B6}.Release|x64.Build.0 = Release|x64
		{339C6F4E-41D7-44FF-A303-2140731452B6}.Release|x86.ActiveCfg = Release|Win32
		{339C6F4E-41D7-44FF-A303-2140731452B6}.Release|x86.Build.0 = Release|Win32
		{7DE844F7-825D-44DE-97CE-208DFACC614B}.Debug|x64.ActiveCfg = Debug|x64
		{7DE844F7-825D-44DE-97CE-208DFACC614B}.Debug|x64.Build.0 = Debug|x64
		{7DE844F7-825D-44DE-97CE-208DFACC614B}.Debug|x86.ActiveCfg = Debug|Win32
		{7DE844F7-825D-44DE-97CE-208DFACC614B}.Debug|x86.Build.0 = Debug|Win32
		{7DE844F7-825D-44DE-97CE-208DFACC614B}.Release|x64.ActiveCfg = Release|x64
		{7DE844F7-825D-44DE-97CE-208DFACC614B}.Release|x64.Build.0 = Release|x64
		{7DE844F7-825D-44DE-97CE-208DFACC614B}.Release|x86.ActiveCfg = Release|Win32
		{7DE844F7-825D-44DE-97CE-208DFACC614B}.Release|x86.Build.0 = Release|Win32
		{D882D2AE-5C2E-4D98-94A5-EC0486B828C2}.Debug|x64.ActiveCfg = Debug|x64
		{D882D2AE-5C2E-4D98-94A5-EC0486B828C2}.Debug|x64.Build.0 = Debug|x64
		{D882D2AE-5C2E-4D98-94A5-EC0486B828C2}.Debug|x86.ActiveCfg = Debug|Win32
		{D882D2AE-5C2E-4D98-94A5-EC0486B828C2}.Debug|x86.Build.0 = Debug|Win32
		{D882D2AE-5C2E-4D98-94A5-EC0486B828C2}.Release|x64.ActiveCfg = Release|x64
		{D882D2AE-5C2E-4D98-94A5-EC0486B828C2}.Release|x64.Build.0 = Release|x64
		{D882D2AE-5C2E-4D98-94A5-EC0486B828C2}.Release|x86.ActiveCfg = Release|Win32
		{D882D2AE-5C2E-4D98-94A5-EC0486B828C2}.Release|x86.Build.0 = Release|Win32
	EndGlobalSection
	GlobalSection(SolutionProperties) = preSolution
		HideSolutionNode = FALSE
	EndGlobalSection
	GlobalSection(ExtensibilityGlobals) = postSolution
		SolutionGuid = {27A46185-4A68-43BD-906B-5C285FD889EB}
	EndGlobalSection
EndGlobal
