
Microsoft Visual Studio Solution File, Format Version 12.00
# Visual Studio Version 17
VisualStudioVersion = 17.3.32825.248
MinimumVisualStudioVersion = 10.0.40219.1
Project("{8BC9CEB8-8B4A-11D0-8D11-00A0C91BC942}") = "2022.09.27-Homework-2", "2022.09.27-Homework-2\2022.09.27-Homework-2.vcxproj", "{F55E8801-3B51-44EB-B7C3-ECDAF08BE862}"
EndProject
Project("{8BC9CEB8-8B4A-11D0-8D11-00A0C91BC942}") = "Task1", "Task1\Task1.vcxproj", "{3AA9ABAE-0F2B-4189-9040-7C5F860FFA8E}"
EndProject
Project("{8BC9CEB8-8B4A-11D0-8D11-00A0C91BC942}") = "Task2", "Task2\Task2.vcxproj", "{2D5F7BFC-70CB-4D45-99DC-91640F1994EC}"
EndProject
Project("{8BC9CEB8-8B4A-11D0-8D11-00A0C91BC942}") = "Task3", "Task3\Task3.vcxproj", "{96A8EC54-6A7F-43F4-B047-73EA68AB704B}"
EndProject
Project("{8BC9CEB8-8B4A-11D0-8D11-00A0C91BC942}") = "Task4", "Task4\Task4.vcxproj", "{B4A3E6DE-791C-48C4-9DBD-51871BFB44BE}"
EndProject
Project("{8BC9CEB8-8B4A-11D0-8D11-00A0C91BC942}") = "Task5", "Task5\Task5.vcxproj", "{0409347A-CC89-45B7-84D3-B277C148D451}"
EndProject
Project("{8BC9CEB8-8B4A-11D0-8D11-00A0C91BC942}") = "Task6", "Task6\Task6.vcxproj", "{ABEC2317-2CB1-4985-8EF0-286C52E33B28}"
EndProject
Project("{8BC9CEB8-8B4A-11D0-8D11-00A0C91BC942}") = "Task7", "Task7\Task7.vcxproj", "{2A80065C-15A3-4729-8A83-4BD08A5D5287}"
EndProject
Project("{8BC9CEB8-8B4A-11D0-8D11-00A0C91BC942}") = "Task8", "Task8\Task8.vcxproj", "{03B262A3-66C5-41C2-8FB6-223F25C661FA}"
EndProject
Project("{8BC9CEB8-8B4A-11D0-8D11-00A0C91BC942}") = "Task9", "Task9\Task9.vcxproj", "{B89D7E2C-F420-4DC6-84FB-0B8EB263629D}"
EndProject
Global
	GlobalSection(SolutionConfigurationPlatforms) = preSolution
		Debug|x64 = Debug|x64
		Debug|x86 = Debug|x86
		Release|x64 = Release|x64
		Release|x86 = Release|x86
	EndGlobalSection
	GlobalSection(ProjectConfigurationPlatforms) = postSolution
		{F55E8801-3B51-44EB-B7C3-ECDAF08BE862}.Debug|x64.ActiveCfg = Debug|x64
		{F55E8801-3B51-44EB-B7C3-ECDAF08BE862}.Debug|x64.Build.0 = Debug|x64
		{F55E8801-3B51-44EB-B7C3-ECDAF08BE862}.Debug|x86.ActiveCfg = Debug|Win32
		{F55E8801-3B51-44EB-B7C3-ECDAF08BE862}.Debug|x86.Build.0 = Debug|Win32
		{F55E8801-3B51-44EB-B7C3-ECDAF08BE862}.Release|x64.ActiveCfg = Release|x64
		{F55E8801-3B51-44EB-B7C3-ECDAF08BE862}.Release|x64.Build.0 = Release|x64
		{F55E8801-3B51-44EB-B7C3-ECDAF08BE862}.Release|x86.ActiveCfg = Release|Win32
		{F55E8801-3B51-44EB-B7C3-ECDAF08BE862}.Release|x86.Build.0 = Release|Win32
		{3AA9ABAE-0F2B-4189-9040-7C5F860FFA8E}.Debug|x64.ActiveCfg = Debug|x64
		{3AA9ABAE-0F2B-4189-9040-7C5F860FFA8E}.Debug|x64.Build.0 = Debug|x64
		{3AA9ABAE-0F2B-4189-9040-7C5F860FFA8E}.Debug|x86.ActiveCfg = Debug|Win32
		{3AA9ABAE-0F2B-4189-9040-7C5F860FFA8E}.Debug|x86.Build.0 = Debug|Win32
		{3AA9ABAE-0F2B-4189-9040-7C5F860FFA8E}.Release|x64.ActiveCfg = Release|x64
		{3AA9ABAE-0F2B-4189-9040-7C5F860FFA8E}.Release|x64.Build.0 = Release|x64
		{3AA9ABAE-0F2B-4189-9040-7C5F860FFA8E}.Release|x86.ActiveCfg = Release|Win32
		{3AA9ABAE-0F2B-4189-9040-7C5F860FFA8E}.Release|x86.Build.0 = Release|Win32
		{2D5F7BFC-70CB-4D45-99DC-91640F1994EC}.Debug|x64.ActiveCfg = Debug|x64
		{2D5F7BFC-70CB-4D45-99DC-91640F1994EC}.Debug|x64.Build.0 = Debug|x64
		{2D5F7BFC-70CB-4D45-99DC-91640F1994EC}.Debug|x86.ActiveCfg = Debug|Win32
		{2D5F7BFC-70CB-4D45-99DC-91640F1994EC}.Debug|x86.Build.0 = Debug|Win32
		{2D5F7BFC-70CB-4D45-99DC-91640F1994EC}.Release|x64.ActiveCfg = Release|x64
		{2D5F7BFC-70CB-4D45-99DC-91640F1994EC}.Release|x64.Build.0 = Release|x64
		{2D5F7BFC-70CB-4D45-99DC-91640F1994EC}.Release|x86.ActiveCfg = Release|Win32
		{2D5F7BFC-70CB-4D45-99DC-91640F1994EC}.Release|x86.Build.0 = Release|Win32
		{96A8EC54-6A7F-43F4-B047-73EA68AB704B}.Debug|x64.ActiveCfg = Debug|x64
		{96A8EC54-6A7F-43F4-B047-73EA68AB704B}.Debug|x64.Build.0 = Debug|x64
		{96A8EC54-6A7F-43F4-B047-73EA68AB704B}.Debug|x86.ActiveCfg = Debug|Win32
		{96A8EC54-6A7F-43F4-B047-73EA68AB704B}.Debug|x86.Build.0 = Debug|Win32
		{96A8EC54-6A7F-43F4-B047-73EA68AB704B}.Release|x64.ActiveCfg = Release|x64
		{96A8EC54-6A7F-43F4-B047-73EA68AB704B}.Release|x64.Build.0 = Release|x64
		{96A8EC54-6A7F-43F4-B047-73EA68AB704B}.Release|x86.ActiveCfg = Release|Win32
		{96A8EC54-6A7F-43F4-B047-73EA68AB704B}.Release|x86.Build.0 = Release|Win32
		{B4A3E6DE-791C-48C4-9DBD-51871BFB44BE}.Debug|x64.ActiveCfg = Debug|x64
		{B4A3E6DE-791C-48C4-9DBD-51871BFB44BE}.Debug|x64.Build.0 = Debug|x64
		{B4A3E6DE-791C-48C4-9DBD-51871BFB44BE}.Debug|x86.ActiveCfg = Debug|Win32
		{B4A3E6DE-791C-48C4-9DBD-51871BFB44BE}.Debug|x86.Build.0 = Debug|Win32
		{B4A3E6DE-791C-48C4-9DBD-51871BFB44BE}.Release|x64.ActiveCfg = Release|x64
		{B4A3E6DE-791C-48C4-9DBD-51871BFB44BE}.Release|x64.Build.0 = Release|x64
		{B4A3E6DE-791C-48C4-9DBD-51871BFB44BE}.Release|x86.ActiveCfg = Release|Win32
		{B4A3E6DE-791C-48C4-9DBD-51871BFB44BE}.Release|x86.Build.0 = Release|Win32
		{0409347A-CC89-45B7-84D3-B277C148D451}.Debug|x64.ActiveCfg = Debug|x64
		{0409347A-CC89-45B7-84D3-B277C148D451}.Debug|x64.Build.0 = Debug|x64
		{0409347A-CC89-45B7-84D3-B277C148D451}.Debug|x86.ActiveCfg = Debug|Win32
		{0409347A-CC89-45B7-84D3-B277C148D451}.Debug|x86.Build.0 = Debug|Win32
		{0409347A-CC89-45B7-84D3-B277C148D451}.Release|x64.ActiveCfg = Release|x64
		{0409347A-CC89-45B7-84D3-B277C148D451}.Release|x64.Build.0 = Release|x64
		{0409347A-CC89-45B7-84D3-B277C148D451}.Release|x86.ActiveCfg = Release|Win32
		{0409347A-CC89-45B7-84D3-B277C148D451}.Release|x86.Build.0 = Release|Win32
		{ABEC2317-2CB1-4985-8EF0-286C52E33B28}.Debug|x64.ActiveCfg = Debug|x64
		{ABEC2317-2CB1-4985-8EF0-286C52E33B28}.Debug|x64.Build.0 = Debug|x64
		{ABEC2317-2CB1-4985-8EF0-286C52E33B28}.Debug|x86.ActiveCfg = Debug|Win32
		{ABEC2317-2CB1-4985-8EF0-286C52E33B28}.Debug|x86.Build.0 = Debug|Win32
		{ABEC2317-2CB1-4985-8EF0-286C52E33B28}.Release|x64.ActiveCfg = Release|x64
		{ABEC2317-2CB1-4985-8EF0-286C52E33B28}.Release|x64.Build.0 = Release|x64
		{ABEC2317-2CB1-4985-8EF0-286C52E33B28}.Release|x86.ActiveCfg = Release|Win32
		{ABEC2317-2CB1-4985-8EF0-286C52E33B28}.Release|x86.Build.0 = Release|Win32
		{2A80065C-15A3-4729-8A83-4BD08A5D5287}.Debug|x64.ActiveCfg = Debug|x64
		{2A80065C-15A3-4729-8A83-4BD08A5D5287}.Debug|x64.Build.0 = Debug|x64
		{2A80065C-15A3-4729-8A83-4BD08A5D5287}.Debug|x86.ActiveCfg = Debug|Win32
		{2A80065C-15A3-4729-8A83-4BD08A5D5287}.Debug|x86.Build.0 = Debug|Win32
		{2A80065C-15A3-4729-8A83-4BD08A5D5287}.Release|x64.ActiveCfg = Release|x64
		{2A80065C-15A3-4729-8A83-4BD08A5D5287}.Release|x64.Build.0 = Release|x64
		{2A80065C-15A3-4729-8A83-4BD08A5D5287}.Release|x86.ActiveCfg = Release|Win32
		{2A80065C-15A3-4729-8A83-4BD08A5D5287}.Release|x86.Build.0 = Release|Win32
		{03B262A3-66C5-41C2-8FB6-223F25C661FA}.Debug|x64.ActiveCfg = Debug|x64
		{03B262A3-66C5-41C2-8FB6-223F25C661FA}.Debug|x64.Build.0 = Debug|x64
		{03B262A3-66C5-41C2-8FB6-223F25C661FA}.Debug|x86.ActiveCfg = Debug|Win32
		{03B262A3-66C5-41C2-8FB6-223F25C661FA}.Debug|x86.Build.0 = Debug|Win32
		{03B262A3-66C5-41C2-8FB6-223F25C661FA}.Release|x64.ActiveCfg = Release|x64
		{03B262A3-66C5-41C2-8FB6-223F25C661FA}.Release|x64.Build.0 = Release|x64
		{03B262A3-66C5-41C2-8FB6-223F25C661FA}.Release|x86.ActiveCfg = Release|Win32
		{03B262A3-66C5-41C2-8FB6-223F25C661FA}.Release|x86.Build.0 = Release|Win32
		{B89D7E2C-F420-4DC6-84FB-0B8EB263629D}.Debug|x64.ActiveCfg = Debug|x64
		{B89D7E2C-F420-4DC6-84FB-0B8EB263629D}.Debug|x64.Build.0 = Debug|x64
		{B89D7E2C-F420-4DC6-84FB-0B8EB263629D}.Debug|x86.ActiveCfg = Debug|Win32
		{B89D7E2C-F420-4DC6-84FB-0B8EB263629D}.Debug|x86.Build.0 = Debug|Win32
		{B89D7E2C-F420-4DC6-84FB-0B8EB263629D}.Release|x64.ActiveCfg = Release|x64
		{B89D7E2C-F420-4DC6-84FB-0B8EB263629D}.Release|x64.Build.0 = Release|x64
		{B89D7E2C-F420-4DC6-84FB-0B8EB263629D}.Release|x86.ActiveCfg = Release|Win32
		{B89D7E2C-F420-4DC6-84FB-0B8EB263629D}.Release|x86.Build.0 = Release|Win32
	EndGlobalSection
	GlobalSection(SolutionProperties) = preSolution
		HideSolutionNode = FALSE
	EndGlobalSection
	GlobalSection(ExtensibilityGlobals) = postSolution
		SolutionGuid = {AF417C76-FCFB-4D44-B973-15E0825640D2}
	EndGlobalSection
EndGlobal
