
Microsoft Visual Studio Solution File, Format Version 12.00
# Visual Studio Version 17
VisualStudioVersion = 17.3.32825.248
MinimumVisualStudioVersion = 10.0.40219.1
Project("{8BC9CEB8-8B4A-11D0-8D11-00A0C91BC942}") = "2022.12.09-Homework-8", "2022.12.09-Homework-8\2022.12.09-Homework-8.vcxproj", "{5F444E4E-1108-4C54-8A75-9D481450FF92}"
EndProject
Project("{8BC9CEB8-8B4A-11D0-8D11-00A0C91BC942}") = "Task1", "Task1\Task1.vcxproj", "{184C56CB-68E5-4A41-9A5F-B15851264C06}"
EndProject
Project("{8BC9CEB8-8B4A-11D0-8D11-00A0C91BC942}") = "Task2", "Task2\Task2.vcxproj", "{6343D35D-2A60-4CE4-BD10-7D47976EABC3}"
EndProject
Project("{8BC9CEB8-8B4A-11D0-8D11-00A0C91BC942}") = "Task3", "Task3\Task3.vcxproj", "{38DFB71A-5995-4DC6-8DEC-106CF73501CA}"
EndProject
Project("{8BC9CEB8-8B4A-11D0-8D11-00A0C91BC942}") = "Task4", "Task4\Task4.vcxproj", "{9B164E57-84DF-4178-8D62-8E459657B8C8}"
EndProject
Project("{8BC9CEB8-8B4A-11D0-8D11-00A0C91BC942}") = "Task5", "Task5\Task5.vcxproj", "{BF98915F-630E-4FF0-96BF-6460749B8561}"
EndProject
Project("{8BC9CEB8-8B4A-11D0-8D11-00A0C91BC942}") = "Task6", "Task6\Task6.vcxproj", "{A21565CF-F9C1-491E-925F-9174B9C5B6C1}"
EndProject
Project("{8BC9CEB8-8B4A-11D0-8D11-00A0C91BC942}") = "Task7", "Task7\Task7.vcxproj", "{E3CE83C0-9825-4B16-97B8-E5E71AF9D072}"
EndProject
Project("{8BC9CEB8-8B4A-11D0-8D11-00A0C91BC942}") = "Task8", "Task8\Task8.vcxproj", "{2E15ADD1-EA83-4822-9BDE-3D268E12DD13}"
EndProject
Project("{8BC9CEB8-8B4A-11D0-8D11-00A0C91BC942}") = "Task9", "Task9\Task9.vcxproj", "{C73AAAC8-2D9F-4B7C-9EB1-98BD2AF3A2A7}"
EndProject
Project("{8BC9CEB8-8B4A-11D0-8D11-00A0C91BC942}") = "Task10", "Task10\Task10.vcxproj", "{F5CEE26A-88B7-4049-B137-8C265A65526E}"
EndProject
Global
	GlobalSection(SolutionConfigurationPlatforms) = preSolution
		Debug|x64 = Debug|x64
		Debug|x86 = Debug|x86
		Release|x64 = Release|x64
		Release|x86 = Release|x86
	EndGlobalSection
	GlobalSection(ProjectConfigurationPlatforms) = postSolution
		{5F444E4E-1108-4C54-8A75-9D481450FF92}.Debug|x64.ActiveCfg = Debug|x64
		{5F444E4E-1108-4C54-8A75-9D481450FF92}.Debug|x64.Build.0 = Debug|x64
		{5F444E4E-1108-4C54-8A75-9D481450FF92}.Debug|x86.ActiveCfg = Debug|Win32
		{5F444E4E-1108-4C54-8A75-9D481450FF92}.Debug|x86.Build.0 = Debug|Win32
		{5F444E4E-1108-4C54-8A75-9D481450FF92}.Release|x64.ActiveCfg = Release|x64
		{5F444E4E-1108-4C54-8A75-9D481450FF92}.Release|x64.Build.0 = Release|x64
		{5F444E4E-1108-4C54-8A75-9D481450FF92}.Release|x86.ActiveCfg = Release|Win32
		{5F444E4E-1108-4C54-8A75-9D481450FF92}.Release|x86.Build.0 = Release|Win32
		{184C56CB-68E5-4A41-9A5F-B15851264C06}.Debug|x64.ActiveCfg = Debug|x64
		{184C56CB-68E5-4A41-9A5F-B15851264C06}.Debug|x64.Build.0 = Debug|x64
		{184C56CB-68E5-4A41-9A5F-B15851264C06}.Debug|x86.ActiveCfg = Debug|Win32
		{184C56CB-68E5-4A41-9A5F-B15851264C06}.Debug|x86.Build.0 = Debug|Win32
		{184C56CB-68E5-4A41-9A5F-B15851264C06}.Release|x64.ActiveCfg = Release|x64
		{184C56CB-68E5-4A41-9A5F-B15851264C06}.Release|x64.Build.0 = Release|x64
		{184C56CB-68E5-4A41-9A5F-B15851264C06}.Release|x86.ActiveCfg = Release|Win32
		{184C56CB-68E5-4A41-9A5F-B15851264C06}.Release|x86.Build.0 = Release|Win32
		{6343D35D-2A60-4CE4-BD10-7D47976EABC3}.Debug|x64.ActiveCfg = Debug|x64
		{6343D35D-2A60-4CE4-BD10-7D47976EABC3}.Debug|x64.Build.0 = Debug|x64
		{6343D35D-2A60-4CE4-BD10-7D47976EABC3}.Debug|x86.ActiveCfg = Debug|Win32
		{6343D35D-2A60-4CE4-BD10-7D47976EABC3}.Debug|x86.Build.0 = Debug|Win32
		{6343D35D-2A60-4CE4-BD10-7D47976EABC3}.Release|x64.ActiveCfg = Release|x64
		{6343D35D-2A60-4CE4-BD10-7D47976EABC3}.Release|x64.Build.0 = Release|x64
		{6343D35D-2A60-4CE4-BD10-7D47976EABC3}.Release|x86.ActiveCfg = Release|Win32
		{6343D35D-2A60-4CE4-BD10-7D47976EABC3}.Release|x86.Build.0 = Release|Win32
		{38DFB71A-5995-4DC6-8DEC-106CF73501CA}.Debug|x64.ActiveCfg = Debug|x64
		{38DFB71A-5995-4DC6-8DEC-106CF73501CA}.Debug|x64.Build.0 = Debug|x64
		{38DFB71A-5995-4DC6-8DEC-106CF73501CA}.Debug|x86.ActiveCfg = Debug|Win32
		{38DFB71A-5995-4DC6-8DEC-106CF73501CA}.Debug|x86.Build.0 = Debug|Win32
		{38DFB71A-5995-4DC6-8DEC-106CF73501CA}.Release|x64.ActiveCfg = Release|x64
		{38DFB71A-5995-4DC6-8DEC-106CF73501CA}.Release|x64.Build.0 = Release|x64
		{38DFB71A-5995-4DC6-8DEC-106CF73501CA}.Release|x86.ActiveCfg = Release|Win32
		{38DFB71A-5995-4DC6-8DEC-106CF73501CA}.Release|x86.Build.0 = Release|Win32
		{9B164E57-84DF-4178-8D62-8E459657B8C8}.Debug|x64.ActiveCfg = Debug|x64
		{9B164E57-84DF-4178-8D62-8E459657B8C8}.Debug|x64.Build.0 = Debug|x64
		{9B164E57-84DF-4178-8D62-8E459657B8C8}.Debug|x86.ActiveCfg = Debug|Win32
		{9B164E57-84DF-4178-8D62-8E459657B8C8}.Debug|x86.Build.0 = Debug|Win32
		{9B164E57-84DF-4178-8D62-8E459657B8C8}.Release|x64.ActiveCfg = Release|x64
		{9B164E57-84DF-4178-8D62-8E459657B8C8}.Release|x64.Build.0 = Release|x64
		{9B164E57-84DF-4178-8D62-8E459657B8C8}.Release|x86.ActiveCfg = Release|Win32
		{9B164E57-84DF-4178-8D62-8E459657B8C8}.Release|x86.Build.0 = Release|Win32
		{BF98915F-630E-4FF0-96BF-6460749B8561}.Debug|x64.ActiveCfg = Debug|x64
		{BF98915F-630E-4FF0-96BF-6460749B8561}.Debug|x64.Build.0 = Debug|x64
		{BF98915F-630E-4FF0-96BF-6460749B8561}.Debug|x86.ActiveCfg = Debug|Win32
		{BF98915F-630E-4FF0-96BF-6460749B8561}.Debug|x86.Build.0 = Debug|Win32
		{BF98915F-630E-4FF0-96BF-6460749B8561}.Release|x64.ActiveCfg = Release|x64
		{BF98915F-630E-4FF0-96BF-6460749B8561}.Release|x64.Build.0 = Release|x64
		{BF98915F-630E-4FF0-96BF-6460749B8561}.Release|x86.ActiveCfg = Release|Win32
		{BF98915F-630E-4FF0-96BF-6460749B8561}.Release|x86.Build.0 = Release|Win32
		{A21565CF-F9C1-491E-925F-9174B9C5B6C1}.Debug|x64.ActiveCfg = Debug|x64
		{A21565CF-F9C1-491E-925F-9174B9C5B6C1}.Debug|x64.Build.0 = Debug|x64
		{A21565CF-F9C1-491E-925F-9174B9C5B6C1}.Debug|x86.ActiveCfg = Debug|Win32
		{A21565CF-F9C1-491E-925F-9174B9C5B6C1}.Debug|x86.Build.0 = Debug|Win32
		{A21565CF-F9C1-491E-925F-9174B9C5B6C1}.Release|x64.ActiveCfg = Release|x64
		{A21565CF-F9C1-491E-925F-9174B9C5B6C1}.Release|x64.Build.0 = Release|x64
		{A21565CF-F9C1-491E-925F-9174B9C5B6C1}.Release|x86.ActiveCfg = Release|Win32
		{A21565CF-F9C1-491E-925F-9174B9C5B6C1}.Release|x86.Build.0 = Release|Win32
		{E3CE83C0-9825-4B16-97B8-E5E71AF9D072}.Debug|x64.ActiveCfg = Debug|x64
		{E3CE83C0-9825-4B16-97B8-E5E71AF9D072}.Debug|x64.Build.0 = Debug|x64
		{E3CE83C0-9825-4B16-97B8-E5E71AF9D072}.Debug|x86.ActiveCfg = Debug|Win32
		{E3CE83C0-9825-4B16-97B8-E5E71AF9D072}.Debug|x86.Build.0 = Debug|Win32
		{E3CE83C0-9825-4B16-97B8-E5E71AF9D072}.Release|x64.ActiveCfg = Release|x64
		{E3CE83C0-9825-4B16-97B8-E5E71AF9D072}.Release|x64.Build.0 = Release|x64
		{E3CE83C0-9825-4B16-97B8-E5E71AF9D072}.Release|x86.ActiveCfg = Release|Win32
		{E3CE83C0-9825-4B16-97B8-E5E71AF9D072}.Release|x86.Build.0 = Release|Win32
		{2E15ADD1-EA83-4822-9BDE-3D268E12DD13}.Debug|x64.ActiveCfg = Debug|x64
		{2E15ADD1-EA83-4822-9BDE-3D268E12DD13}.Debug|x64.Build.0 = Debug|x64
		{2E15ADD1-EA83-4822-9BDE-3D268E12DD13}.Debug|x86.ActiveCfg = Debug|Win32
		{2E15ADD1-EA83-4822-9BDE-3D268E12DD13}.Debug|x86.Build.0 = Debug|Win32
		{2E15ADD1-EA83-4822-9BDE-3D268E12DD13}.Release|x64.ActiveCfg = Release|x64
		{2E15ADD1-EA83-4822-9BDE-3D268E12DD13}.Release|x64.Build.0 = Release|x64
		{2E15ADD1-EA83-4822-9BDE-3D268E12DD13}.Release|x86.ActiveCfg = Release|Win32
		{2E15ADD1-EA83-4822-9BDE-3D268E12DD13}.Release|x86.Build.0 = Release|Win32
		{C73AAAC8-2D9F-4B7C-9EB1-98BD2AF3A2A7}.Debug|x64.ActiveCfg = Debug|x64
		{C73AAAC8-2D9F-4B7C-9EB1-98BD2AF3A2A7}.Debug|x64.Build.0 = Debug|x64
		{C73AAAC8-2D9F-4B7C-9EB1-98BD2AF3A2A7}.Debug|x86.ActiveCfg = Debug|Win32
		{C73AAAC8-2D9F-4B7C-9EB1-98BD2AF3A2A7}.Debug|x86.Build.0 = Debug|Win32
		{C73AAAC8-2D9F-4B7C-9EB1-98BD2AF3A2A7}.Release|x64.ActiveCfg = Release|x64
		{C73AAAC8-2D9F-4B7C-9EB1-98BD2AF3A2A7}.Release|x64.Build.0 = Release|x64
		{C73AAAC8-2D9F-4B7C-9EB1-98BD2AF3A2A7}.Release|x86.ActiveCfg = Release|Win32
		{C73AAAC8-2D9F-4B7C-9EB1-98BD2AF3A2A7}.Release|x86.Build.0 = Release|Win32
		{F5CEE26A-88B7-4049-B137-8C265A65526E}.Debug|x64.ActiveCfg = Debug|x64
		{F5CEE26A-88B7-4049-B137-8C265A65526E}.Debug|x64.Build.0 = Debug|x64
		{F5CEE26A-88B7-4049-B137-8C265A65526E}.Debug|x86.ActiveCfg = Debug|Win32
		{F5CEE26A-88B7-4049-B137-8C265A65526E}.Debug|x86.Build.0 = Debug|Win32
		{F5CEE26A-88B7-4049-B137-8C265A65526E}.Release|x64.ActiveCfg = Release|x64
		{F5CEE26A-88B7-4049-B137-8C265A65526E}.Release|x64.Build.0 = Release|x64
		{F5CEE26A-88B7-4049-B137-8C265A65526E}.Release|x86.ActiveCfg = Release|Win32
		{F5CEE26A-88B7-4049-B137-8C265A65526E}.Release|x86.Build.0 = Release|Win32
	EndGlobalSection
	GlobalSection(SolutionProperties) = preSolution
		HideSolutionNode = FALSE
	EndGlobalSection
	GlobalSection(ExtensibilityGlobals) = postSolution
		SolutionGuid = {E515DDB5-F639-44C1-B1CF-BBA867856A73}
	EndGlobalSection
EndGlobal
